
Microsoft Visual Studio Solution File, Format Version 12.00
# Visual Studio Version 17
VisualStudioVersion = 17.9.34714.143
MinimumVisualStudioVersion = 10.0.40219.1
Project("{8BC9CEB8-8B4A-11D0-8D11-00A0C91BC942}") = "week02", "week02\week02.vcxproj", "{EC1704C6-F8DE-413A-A660-2C06D747012A}"
EndProject
Project("{8BC9CEB8-8B4A-11D0-8D11-00A0C91BC942}") = "week3", "week3\week3.vcxproj", "{39EE3BE8-C487-4F7D-86FD-D68207E270A2}"
EndProject
Global
	GlobalSection(SolutionConfigurationPlatforms) = preSolution
		Debug|x64 = Debug|x64
		Debug|x86 = Debug|x86
		Release|x64 = Release|x64
		Release|x86 = Release|x86
	EndGlobalSection
	GlobalSection(ProjectConfigurationPlatforms) = postSolution
		{EC1704C6-F8DE-413A-A660-2C06D747012A}.Debug|x64.ActiveCfg = Debug|x64
		{EC1704C6-F8DE-413A-A660-2C06D747012A}.Debug|x64.Build.0 = Debug|x64
		{EC1704C6-F8DE-413A-A660-2C06D747012A}.Debug|x86.ActiveCfg = Debug|Win32
		{EC1704C6-F8DE-413A-A660-2C06D747012A}.Debug|x86.Build.0 = Debug|Win32
		{EC1704C6-F8DE-413A-A660-2C06D747012A}.Release|x64.ActiveCfg = Release|x64
		{EC1704C6-F8DE-413A-A660-2C06D747012A}.Release|x64.Build.0 = Release|x64
		{EC1704C6-F8DE-413A-A660-2C06D747012A}.Release|x86.ActiveCfg = Release|Win32
		{EC1704C6-F8DE-413A-A660-2C06D747012A}.Release|x86.Build.0 = Release|Win32
		{39EE3BE8-C487-4F7D-86FD-D68207E270A2}.Debug|x64.ActiveCfg = Debug|x64
		{39EE3BE8-C487-4F7D-86FD-D68207E270A2}.Debug|x64.Build.0 = Debug|x64
		{39EE3BE8-C487-4F7D-86FD-D68207E270A2}.Debug|x86.ActiveCfg = Debug|Win32
		{39EE3BE8-C487-4F7D-86FD-D68207E270A2}.Debug|x86.Build.0 = Debug|Win32
		{39EE3BE8-C487-4F7D-86FD-D68207E270A2}.Release|x64.ActiveCfg = Release|x64
		{39EE3BE8-C487-4F7D-86FD-D68207E270A2}.Release|x64.Build.0 = Release|x64
		{39EE3BE8-C487-4F7D-86FD-D68207E270A2}.Release|x86.ActiveCfg = Release|Win32
		{39EE3BE8-C487-4F7D-86FD-D68207E270A2}.Release|x86.Build.0 = Release|Win32
	EndGlobalSection
	GlobalSection(SolutionProperties) = preSolution
		HideSolutionNode = FALSE
	EndGlobalSection
	GlobalSection(ExtensibilityGlobals) = postSolution
		SolutionGuid = {3A0F857F-0C1D-431E-9B12-E02CF585612F}
	EndGlobalSection
EndGlobal
